<?xml version="1.0" encoding="utf-8"?>
<Project ToolsVersion="4.0" xmlns="http://schemas.microsoft.com/developer/msbuild/2003">
  <ItemGroup>
    <ClCompile Include="external\imgui\imgui.cpp">
      <Filter>external\imgui</Filter>
    </ClCompile>
    <ClCompile Include="external\imgui\imgui_demo.cpp">
      <Filter>external\imgui</Filter>
    </ClCompile>
    <ClCompile Include="external\imgui\imgui_draw.cpp">
      <Filter>external\imgui</Filter>
    </ClCompile>
    <ClCompile Include="external\imgui\imgui_impl_dx11.cpp">
      <Filter>external\imgui</Filter>
    </ClCompile>
    <ClCompile Include="external\imgui\imgui_impl_sdl.cpp">
      <Filter>external\imgui</Filter>
    </ClCompile>
    <ClCompile Include="external\imgui\imgui_widgets.cpp">
      <Filter>external\imgui</Filter>
    </ClCompile>
    <ClCompile Include="my_assert.cpp">
      <Filter>my</Filter>
    </ClCompile>
    <ClCompile Include="my_new.cpp">
      <Filter>my</Filter>
    </ClCompile>
    <ClCompile Include="ring_buffer.cpp">
      <Filter>my</Filter>
    </ClCompile>
    <ClCompile Include="static_string.cpp">
      <Filter>my</Filter>
    </ClCompile>
    <ClCompile Include="application.cpp" />
    <ClCompile Include="d3d11_renderer.cpp" />
    <ClCompile Include="input.cpp" />
    <ClCompile Include="main.cpp" />
    <ClCompile Include="pool.cpp">
      <Filter>my</Filter>
    </ClCompile>
  </ItemGroup>
  <ItemGroup>
    <ClInclude Include="external\imgui\imconfig.h">
      <Filter>external\imgui</Filter>
    </ClInclude>
    <ClInclude Include="external\imgui\imgui.h">
      <Filter>external\imgui</Filter>
    </ClInclude>
    <ClInclude Include="external\imgui\imgui_impl_dx11.h">
      <Filter>external\imgui</Filter>
    </ClInclude>
    <ClInclude Include="external\imgui\imgui_impl_sdl.h">
      <Filter>external\imgui</Filter>
    </ClInclude>
    <ClInclude Include="external\imgui\imgui_internal.h">
      <Filter>external\imgui</Filter>
    </ClInclude>
    <ClInclude Include="external\imgui\imstb_rectpack.h">
      <Filter>external\imgui</Filter>
    </ClInclude>
    <ClInclude Include="external\imgui\imstb_textedit.h">
      <Filter>external\imgui</Filter>
    </ClInclude>
    <ClInclude Include="external\imgui\imstb_truetype.h">
      <Filter>external\imgui</Filter>
    </ClInclude>
    <ClInclude Include="my_assert.hpp">
      <Filter>my</Filter>
    </ClInclude>
    <ClInclude Include="my_new.hpp">
      <Filter>my</Filter>
    </ClInclude>
    <ClInclude Include="my_vector.hpp">
      <Filter>my</Filter>
    </ClInclude>
    <ClInclude Include="ring_buffer.hpp">
      <Filter>my</Filter>
    </ClInclude>
    <ClInclude Include="static_string.hpp">
      <Filter>my</Filter>
    </ClInclude>
    <ClInclude Include="types.hpp">
      <Filter>my</Filter>
    </ClInclude>
    <ClInclude Include="application.hpp" />
    <ClInclude Include="d3d11_renderer.hpp" />
    <ClInclude Include="input.hpp" />
    <ClInclude Include="shader_bytecodes.h" />
    <ClInclude Include="static_vector.hpp">
      <Filter>my</Filter>
    </ClInclude>
    <ClInclude Include="pool.hpp">
      <Filter>my</Filter>
    </ClInclude>
    <ClInclude Include="util.hpp">
      <Filter>my</Filter>
    </ClInclude>
  </ItemGroup>
  <ItemGroup>
    <Filter Include="external">
      <UniqueIdentifier>{80efa42d-2032-4819-92c4-0d709df4792f}</UniqueIdentifier>
    </Filter>
    <Filter Include="external\imgui">
      <UniqueIdentifier>{14cf0c49-a969-4c77-bac8-92377f9b5334}</UniqueIdentifier>
    </Filter>
    <Filter Include="my">
      <UniqueIdentifier>{384ffd41-2683-415e-a488-7305555f0ad3}</UniqueIdentifier>
    </Filter>
    <Filter Include="bin">
      <UniqueIdentifier>{6626f9ca-355a-49a3-9795-ddb26b4acbc9}</UniqueIdentifier>
    </Filter>
    <Filter Include="shaders">
      <UniqueIdentifier>{1aca27b0-bafc-40da-b56a-23e13e91c9ae}</UniqueIdentifier>
    </Filter>
    <Filter Include="app">
      <UniqueIdentifier>{971609d8-fd6b-488f-8e90-6abeaf80225e}</UniqueIdentifier>
    </Filter>
  </ItemGroup>
  <ItemGroup>
    <CopyFileToFolders Include="external\lua\lib\lua.dll">
      <Filter>bin</Filter>
    </CopyFileToFolders>
    <CopyFileToFolders Include="external\SDL2\lib\SDL2.dll">
      <Filter>bin</Filter>
    </CopyFileToFolders>
  </ItemGroup>
  <ItemGroup>
    <FxCompile Include="vs.hlsl">
      <Filter>shaders</Filter>
    </FxCompile>
    <FxCompile Include="ps.hlsl">
      <Filter>shaders</Filter>
    </FxCompile>
  </ItemGroup>
</Project>